// !$*UTF8*$!
{
	archiveVersion = 1;
	classes = {
	};
	objectVersion = 50;
	objects = {

/* Begin PBXBuildFile section */
		38170C6521AF082E00AC0FF5 /* OpeningViewController.swift in Sources */ = {isa = PBXBuildFile; fileRef = 38170C6421AF082E00AC0FF5 /* OpeningViewController.swift */; };
		3891FE4521A3084B00A736B3 /* AppDelegate.swift in Sources */ = {isa = PBXBuildFile; fileRef = 3891FE4421A3084B00A736B3 /* AppDelegate.swift */; };
		3891FE4721A3084B00A736B3 /* ViewController.swift in Sources */ = {isa = PBXBuildFile; fileRef = 3891FE4621A3084B00A736B3 /* ViewController.swift */; };
		3891FE4A21A3084B00A736B3 /* Main.storyboard in Resources */ = {isa = PBXBuildFile; fileRef = 3891FE4821A3084B00A736B3 /* Main.storyboard */; };
		3891FE4D21A3084B00A736B3 /* targeting.xcdatamodeld in Sources */ = {isa = PBXBuildFile; fileRef = 3891FE4B21A3084B00A736B3 /* targeting.xcdatamodeld */; };
		3891FE4F21A3084C00A736B3 /* Assets.xcassets in Resources */ = {isa = PBXBuildFile; fileRef = 3891FE4E21A3084C00A736B3 /* Assets.xcassets */; };
		3891FE5221A3084C00A736B3 /* LaunchScreen.storyboard in Resources */ = {isa = PBXBuildFile; fileRef = 3891FE5021A3084C00A736B3 /* LaunchScreen.storyboard */; };
		3891FE5D21A3084D00A736B3 /* targetingTests.swift in Sources */ = {isa = PBXBuildFile; fileRef = 3891FE5C21A3084D00A736B3 /* targetingTests.swift */; };
		3891FE6821A3084D00A736B3 /* targetingUITests.swift in Sources */ = {isa = PBXBuildFile; fileRef = 3891FE6721A3084D00A736B3 /* targetingUITests.swift */; };
/* End PBXBuildFile section */

/* Begin PBXContainerItemProxy section */
		3891FE5921A3084D00A736B3 /* PBXContainerItemProxy */ = {
			isa = PBXContainerItemProxy;
			containerPortal = 3891FE3921A3084A00A736B3 /* Project object */;
			proxyType = 1;
			remoteGlobalIDString = 3891FE4021A3084A00A736B3;
			remoteInfo = targeting;
		};
		3891FE6421A3084D00A736B3 /* PBXContainerItemProxy */ = {
			isa = PBXContainerItemProxy;
			containerPortal = 3891FE3921A3084A00A736B3 /* Project object */;
			proxyType = 1;
			remoteGlobalIDString = 3891FE4021A3084A00A736B3;
			remoteInfo = targeting;
		};
/* End PBXContainerItemProxy section */

/* Begin PBXFileReference section */
		38170C6421AF082E00AC0FF5 /* OpeningViewController.swift */ = {isa = PBXFileReference; lastKnownFileType = sourcecode.swift; path = OpeningViewController.swift; sourceTree = "<group>"; };
		3891FE4121A3084A00A736B3 /* targeting.app */ = {isa = PBXFileReference; explicitFileType = wrapper.application; includeInIndex = 0; path = targeting.app; sourceTree = BUILT_PRODUCTS_DIR; };
		3891FE4421A3084B00A736B3 /* AppDelegate.swift */ = {isa = PBXFileReference; lastKnownFileType = sourcecode.swift; path = AppDelegate.swift; sourceTree = "<group>"; };
		3891FE4621A3084B00A736B3 /* ViewController.swift */ = {isa = PBXFileReference; lastKnownFileType = sourcecode.swift; path = ViewController.swift; sourceTree = "<group>"; };
		3891FE4921A3084B00A736B3 /* Base */ = {isa = PBXFileReference; lastKnownFileType = file.storyboard; name = Base; path = Base.lproj/Main.storyboard; sourceTree = "<group>"; };
		3891FE4C21A3084B00A736B3 /* targeting.xcdatamodel */ = {isa = PBXFileReference; lastKnownFileType = wrapper.xcdatamodel; path = targeting.xcdatamodel; sourceTree = "<group>"; };
		3891FE4E21A3084C00A736B3 /* Assets.xcassets */ = {isa = PBXFileReference; lastKnownFileType = folder.assetcatalog; path = Assets.xcassets; sourceTree = "<group>"; };
		3891FE5121A3084C00A736B3 /* Base */ = {isa = PBXFileReference; lastKnownFileType = file.storyboard; name = Base; path = Base.lproj/LaunchScreen.storyboard; sourceTree = "<group>"; };
		3891FE5321A3084C00A736B3 /* Info.plist */ = {isa = PBXFileReference; lastKnownFileType = text.plist.xml; path = Info.plist; sourceTree = "<group>"; };
		3891FE5821A3084D00A736B3 /* targetingTests.xctest */ = {isa = PBXFileReference; explicitFileType = wrapper.cfbundle; includeInIndex = 0; path = targetingTests.xctest; sourceTree = BUILT_PRODUCTS_DIR; };
		3891FE5C21A3084D00A736B3 /* targetingTests.swift */ = {isa = PBXFileReference; lastKnownFileType = sourcecode.swift; path = targetingTests.swift; sourceTree = "<group>"; };
		3891FE5E21A3084D00A736B3 /* Info.plist */ = {isa = PBXFileReference; lastKnownFileType = text.plist.xml; path = Info.plist; sourceTree = "<group>"; };
		3891FE6321A3084D00A736B3 /* targetingUITests.xctest */ = {isa = PBXFileReference; explicitFileType = wrapper.cfbundle; includeInIndex = 0; path = targetingUITests.xctest; sourceTree = BUILT_PRODUCTS_DIR; };
		3891FE6721A3084D00A736B3 /* targetingUITests.swift */ = {isa = PBXFileReference; lastKnownFileType = sourcecode.swift; path = targetingUITests.swift; sourceTree = "<group>"; };
		3891FE6921A3084D00A736B3 /* Info.plist */ = {isa = PBXFileReference; lastKnownFileType = text.plist.xml; path = Info.plist; sourceTree = "<group>"; };
/* End PBXFileReference section */

/* Begin PBXFrameworksBuildPhase section */
		3891FE3E21A3084A00A736B3 /* Frameworks */ = {
			isa = PBXFrameworksBuildPhase;
			buildActionMask = 2147483647;
			files = (
			);
			runOnlyForDeploymentPostprocessing = 0;
		};
		3891FE5521A3084D00A736B3 /* Frameworks */ = {
			isa = PBXFrameworksBuildPhase;
			buildActionMask = 2147483647;
			files = (
			);
			runOnlyForDeploymentPostprocessing = 0;
		};
		3891FE6021A3084D00A736B3 /* Frameworks */ = {
			isa = PBXFrameworksBuildPhase;
			buildActionMask = 2147483647;
			files = (
			);
			runOnlyForDeploymentPostprocessing = 0;
		};
/* End PBXFrameworksBuildPhase section */

/* Begin PBXGroup section */
		3891FE3821A3084A00A736B3 = {
			isa = PBXGroup;
			children = (
				3891FE4321A3084A00A736B3 /* targeting */,
				3891FE5B21A3084D00A736B3 /* targetingTests */,
				3891FE6621A3084D00A736B3 /* targetingUITests */,
				3891FE4221A3084A00A736B3 /* Products */,
			);
			sourceTree = "<group>";
		};
		3891FE4221A3084A00A736B3 /* Products */ = {
			isa = PBXGroup;
			children = (
				3891FE4121A3084A00A736B3 /* targeting.app */,
				3891FE5821A3084D00A736B3 /* targetingTests.xctest */,
				3891FE6321A3084D00A736B3 /* targetingUITests.xctest */,
			);
			name = Products;
			sourceTree = "<group>";
		};
		3891FE4321A3084A00A736B3 /* targeting */ = {
			isa = PBXGroup;
			children = (
				3891FE4421A3084B00A736B3 /* AppDelegate.swift */,
				3891FE4621A3084B00A736B3 /* ViewController.swift */,
				38170C6421AF082E00AC0FF5 /* OpeningViewController.swift */,
				3891FE4821A3084B00A736B3 /* Main.storyboard */,
				3891FE4E21A3084C00A736B3 /* Assets.xcassets */,
				3891FE5021A3084C00A736B3 /* LaunchScreen.storyboard */,
				3891FE5321A3084C00A736B3 /* Info.plist */,
				3891FE4B21A3084B00A736B3 /* targeting.xcdatamodeld */,
			);
			path = targeting;
			sourceTree = "<group>";
		};
		3891FE5B21A3084D00A736B3 /* targetingTests */ = {
			isa = PBXGroup;
			children = (
				3891FE5C21A3084D00A736B3 /* targetingTests.swift */,
				3891FE5E21A3084D00A736B3 /* Info.plist */,
			);
			path = targetingTests;
			sourceTree = "<group>";
		};
		3891FE6621A3084D00A736B3 /* targetingUITests */ = {
			isa = PBXGroup;
			children = (
				3891FE6721A3084D00A736B3 /* targetingUITests.swift */,
				3891FE6921A3084D00A736B3 /* Info.plist */,
			);
			path = targetingUITests;
			sourceTree = "<group>";
		};
/* End PBXGroup section */

/* Begin PBXNativeTarget section */
		3891FE4021A3084A00A736B3 /* targeting */ = {
			isa = PBXNativeTarget;
			buildConfigurationList = 3891FE6C21A3084D00A736B3 /* Build configuration list for PBXNativeTarget "targeting" */;
			buildPhases = (
				3891FE3D21A3084A00A736B3 /* Sources */,
				3891FE3E21A3084A00A736B3 /* Frameworks */,
				3891FE3F21A3084A00A736B3 /* Resources */,
			);
			buildRules = (
			);
			dependencies = (
			);
			name = targeting;
			productName = targeting;
			productReference = 3891FE4121A3084A00A736B3 /* targeting.app */;
			productType = "com.apple.product-type.application";
		};
		3891FE5721A3084D00A736B3 /* targetingTests */ = {
			isa = PBXNativeTarget;
			buildConfigurationList = 3891FE6F21A3084D00A736B3 /* Build configuration list for PBXNativeTarget "targetingTests" */;
			buildPhases = (
				3891FE5421A3084D00A736B3 /* Sources */,
				3891FE5521A3084D00A736B3 /* Frameworks */,
				3891FE5621A3084D00A736B3 /* Resources */,
			);
			buildRules = (
			);
			dependencies = (
				3891FE5A21A3084D00A736B3 /* PBXTargetDependency */,
			);
			name = targetingTests;
			productName = targetingTests;
			productReference = 3891FE5821A3084D00A736B3 /* targetingTests.xctest */;
			productType = "com.apple.product-type.bundle.unit-test";
		};
		3891FE6221A3084D00A736B3 /* targetingUITests */ = {
			isa = PBXNativeTarget;
			buildConfigurationList = 3891FE7221A3084D00A736B3 /* Build configuration list for PBXNativeTarget "targetingUITests" */;
			buildPhases = (
				3891FE5F21A3084D00A736B3 /* Sources */,
				3891FE6021A3084D00A736B3 /* Frameworks */,
				3891FE6121A3084D00A736B3 /* Resources */,
			);
			buildRules = (
			);
			dependencies = (
				3891FE6521A3084D00A736B3 /* PBXTargetDependency */,
			);
			name = targetingUITests;
			productName = targetingUITests;
			productReference = 3891FE6321A3084D00A736B3 /* targetingUITests.xctest */;
			productType = "com.apple.product-type.bundle.ui-testing";
		};
/* End PBXNativeTarget section */

/* Begin PBXProject section */
		3891FE3921A3084A00A736B3 /* Project object */ = {
			isa = PBXProject;
			attributes = {
				LastSwiftUpdateCheck = 1010;
				LastUpgradeCheck = 1010;
				ORGANIZATIONNAME = "Jim Lambert";
				TargetAttributes = {
					3891FE4021A3084A00A736B3 = {
						CreatedOnToolsVersion = 10.1;
					};
					3891FE5721A3084D00A736B3 = {
						CreatedOnToolsVersion = 10.1;
						TestTargetID = 3891FE4021A3084A00A736B3;
					};
					3891FE6221A3084D00A736B3 = {
						CreatedOnToolsVersion = 10.1;
						TestTargetID = 3891FE4021A3084A00A736B3;
					};
				};
			};
			buildConfigurationList = 3891FE3C21A3084A00A736B3 /* Build configuration list for PBXProject "targeting" */;
			compatibilityVersion = "Xcode 9.3";
			developmentRegion = en;
			hasScannedForEncodings = 0;
			knownRegions = (
				en,
				Base,
			);
			mainGroup = 3891FE3821A3084A00A736B3;
			productRefGroup = 3891FE4221A3084A00A736B3 /* Products */;
			projectDirPath = "";
			projectRoot = "";
			targets = (
				3891FE4021A3084A00A736B3 /* targeting */,
				3891FE5721A3084D00A736B3 /* targetingTests */,
				3891FE6221A3084D00A736B3 /* targetingUITests */,
			);
		};
/* End PBXProject section */

/* Begin PBXResourcesBuildPhase section */
		3891FE3F21A3084A00A736B3 /* Resources */ = {
			isa = PBXResourcesBuildPhase;
			buildActionMask = 2147483647;
			files = (
				3891FE5221A3084C00A736B3 /* LaunchScreen.storyboard in Resources */,
				3891FE4F21A3084C00A736B3 /* Assets.xcassets in Resources */,
				3891FE4A21A3084B00A736B3 /* Main.storyboard in Resources */,
			);
			runOnlyForDeploymentPostprocessing = 0;
		};
		3891FE5621A3084D00A736B3 /* Resources */ = {
			isa = PBXResourcesBuildPhase;
			buildActionMask = 2147483647;
			files = (
			);
			runOnlyForDeploymentPostprocessing = 0;
		};
		3891FE6121A3084D00A736B3 /* Resources */ = {
			isa = PBXResourcesBuildPhase;
			buildActionMask = 2147483647;
			files = (
			);
			runOnlyForDeploymentPostprocessing = 0;
		};
/* End PBXResourcesBuildPhase section */

/* Begin PBXSourcesBuildPhase section */
		3891FE3D21A3084A00A736B3 /* Sources */ = {
			isa = PBXSourcesBuildPhase;
			buildActionMask = 2147483647;
			files = (
				3891FE4D21A3084B00A736B3 /* targeting.xcdatamodeld in Sources */,
				38170C6521AF082E00AC0FF5 /* OpeningViewController.swift in Sources */,
				3891FE4721A3084B00A736B3 /* ViewController.swift in Sources */,
				3891FE4521A3084B00A736B3 /* AppDelegate.swift in Sources */,
			);
			runOnlyForDeploymentPostprocessing = 0;
		};
		3891FE5421A3084D00A736B3 /* Sources */ = {
			isa = PBXSourcesBuildPhase;
			buildActionMask = 2147483647;
			files = (
				3891FE5D21A3084D00A736B3 /* targetingTests.swift in Sources */,
			);
			runOnlyForDeploymentPostprocessing = 0;
		};
		3891FE5F21A3084D00A736B3 /* Sources */ = {
			isa = PBXSourcesBuildPhase;
			buildActionMask = 2147483647;
			files = (
				3891FE6821A3084D00A736B3 /* targetingUITests.swift in Sources */,
			);
			runOnlyForDeploymentPostprocessing = 0;
		};
/* End PBXSourcesBuildPhase section */

/* Begin PBXTargetDependency section */
		3891FE5A21A3084D00A736B3 /* PBXTargetDependency */ = {
			isa = PBXTargetDependency;
			target = 3891FE4021A3084A00A736B3 /* targeting */;
			targetProxy = 3891FE5921A3084D00A736B3 /* PBXContainerItemProxy */;
		};
		3891FE6521A3084D00A736B3 /* PBXTargetDependency */ = {
			isa = PBXTargetDependency;
			target = 3891FE4021A3084A00A736B3 /* targeting */;
			targetProxy = 3891FE6421A3084D00A736B3 /* PBXContainerItemProxy */;
		};
/* End PBXTargetDependency section */

/* Begin PBXVariantGroup section */
		3891FE4821A3084B00A736B3 /* Main.storyboard */ = {
			isa = PBXVariantGroup;
			children = (
				3891FE4921A3084B00A736B3 /* Base */,
			);
			name = Main.storyboard;
			sourceTree = "<group>";
		};
		3891FE5021A3084C00A736B3 /* LaunchScreen.storyboard */ = {
			isa = PBXVariantGroup;
			children = (
				3891FE5121A3084C00A736B3 /* Base */,
			);
			name = LaunchScreen.storyboard;
			sourceTree = "<group>";
		};
/* End PBXVariantGroup section */

/* Begin XCBuildConfiguration section */
		3891FE6A21A3084D00A736B3 /* Debug */ = {
			isa = XCBuildConfiguration;
			buildSettings = {
				ALWAYS_SEARCH_USER_PATHS = NO;
				CLANG_ANALYZER_NONNULL = YES;
				CLANG_ANALYZER_NUMBER_OBJECT_CONVERSION = YES_AGGRESSIVE;
				CLANG_CXX_LANGUAGE_STANDARD = "gnu++14";
				CLANG_CXX_LIBRARY = "libc++";
				CLANG_ENABLE_MODULES = YES;
				CLANG_ENABLE_OBJC_ARC = YES;
				CLANG_ENABLE_OBJC_WEAK = YES;
				CLANG_WARN_BLOCK_CAPTURE_AUTORELEASING = YES;
				CLANG_WARN_BOOL_CONVERSION = YES;
				CLANG_WARN_COMMA = YES;
				CLANG_WARN_CONSTANT_CONVERSION = YES;
				CLANG_WARN_DEPRECATED_OBJC_IMPLEMENTATIONS = YES;
				CLANG_WARN_DIRECT_OBJC_ISA_USAGE = YES_ERROR;
				CLANG_WARN_DOCUMENTATION_COMMENTS = YES;
				CLANG_WARN_EMPTY_BODY = YES;
				CLANG_WARN_ENUM_CONVERSION = YES;
				CLANG_WARN_INFINITE_RECURSION = YES;
				CLANG_WARN_INT_CONVERSION = YES;
				CLANG_WARN_NON_LITERAL_NULL_CONVERSION = YES;
				CLANG_WARN_OBJC_IMPLICIT_RETAIN_SELF = YES;
				CLANG_WARN_OBJC_LITERAL_CONVERSION = YES;
				CLANG_WARN_OBJC_ROOT_CLASS = YES_ERROR;
				CLANG_WARN_RANGE_LOOP_ANALYSIS = YES;
				CLANG_WARN_STRICT_PROTOTYPES = YES;
				CLANG_WARN_SUSPICIOUS_MOVE = YES;
				CLANG_WARN_UNGUARDED_AVAILABILITY = YES_AGGRESSIVE;
				CLANG_WARN_UNREACHABLE_CODE = YES;
				CLANG_WARN__DUPLICATE_METHOD_MATCH = YES;
				CODE_SIGN_IDENTITY = "iPhone Developer";
				COPY_PHASE_STRIP = NO;
				DEBUG_INFORMATION_FORMAT = dwarf;
				ENABLE_STRICT_OBJC_MSGSEND = YES;
				ENABLE_TESTABILITY = YES;
				GCC_C_LANGUAGE_STANDARD = gnu11;
				GCC_DYNAMIC_NO_PIC = NO;
				GCC_NO_COMMON_BLOCKS = YES;
				GCC_OPTIMIZATION_LEVEL = 0;
				GCC_PREPROCESSOR_DEFINITIONS = (
					"DEBUG=1",
					"$(inherited)",
				);
				GCC_WARN_64_TO_32_BIT_CONVERSION = YES;
				GCC_WARN_ABOUT_RETURN_TYPE = YES_ERROR;
				GCC_WARN_UNDECLARED_SELECTOR = YES;
				GCC_WARN_UNINITIALIZED_AUTOS = YES_AGGRESSIVE;
				GCC_WARN_UNUSED_FUNCTION = YES;
				GCC_WARN_UNUSED_VARIABLE = YES;
				IPHONEOS_DEPLOYMENT_TARGET = 12.1;
				MTL_ENABLE_DEBUG_INFO = INCLUDE_SOURCE;
				MTL_FAST_MATH = YES;
				ONLY_ACTIVE_ARCH = YES;
				SDKROOT = iphoneos;
				SWIFT_ACTIVE_COMPILATION_CONDITIONS = DEBUG;
				SWIFT_OPTIMIZATION_LEVEL = "-Onone";
			};
			name = Debug;
		};
		3891FE6B21A3084D00A736B3 /* Release */ = {
			isa = XCBuildConfiguration;
			buildSettings = {
				ALWAYS_SEARCH_USER_PATHS = NO;
				CLANG_ANALYZER_NONNULL = YES;
				CLANG_ANALYZER_NUMBER_OBJECT_CONVERSION = YES_AGGRESSIVE;
				CLANG_CXX_LANGUAGE_STANDARD = "gnu++14";
				CLANG_CXX_LIBRARY = "libc++";
				CLANG_ENABLE_MODULES = YES;
				CLANG_ENABLE_OBJC_ARC = YES;
				CLANG_ENABLE_OBJC_WEAK = YES;
				CLANG_WARN_BLOCK_CAPTURE_AUTORELEASING = YES;
				CLANG_WARN_BOOL_CONVERSION = YES;
				CLANG_WARN_COMMA = YES;
				CLANG_WARN_CONSTANT_CONVERSION = YES;
				CLANG_WARN_DEPRECATED_OBJC_IMPLEMENTATIONS = YES;
				CLANG_WARN_DIRECT_OBJC_ISA_USAGE = YES_ERROR;
				CLANG_WARN_DOCUMENTATION_COMMENTS = YES;
				CLANG_WARN_EMPTY_BODY = YES;
				CLANG_WARN_ENUM_CONVERSION = YES;
				CLANG_WARN_INFINITE_RECURSION = YES;
				CLANG_WARN_INT_CONVERSION = YES;
				CLANG_WARN_NON_LITERAL_NULL_CONVERSION = YES;
				CLANG_WARN_OBJC_IMPLICIT_RETAIN_SELF = YES;
				CLANG_WARN_OBJC_LITERAL_CONVERSION = YES;
				CLANG_WARN_OBJC_ROOT_CLASS = YES_ERROR;
				CLANG_WARN_RANGE_LOOP_ANALYSIS = YES;
				CLANG_WARN_STRICT_PROTOTYPES = YES;
				CLANG_WARN_SUSPICIOUS_MOVE = YES;
				CLANG_WARN_UNGUARDED_AVAILABILITY = YES_AGGRESSIVE;
				CLANG_WARN_UNREACHABLE_CODE = YES;
				CLANG_WARN__DUPLICATE_METHOD_MATCH = YES;
				CODE_SIGN_IDENTITY = "iPhone Developer";
				COPY_PHASE_STRIP = NO;
				DEBUG_INFORMATION_FORMAT = "dwarf-with-dsym";
				ENABLE_NS_ASSERTIONS = NO;
				ENABLE_STRICT_OBJC_MSGSEND = YES;
				GCC_C_LANGUAGE_STANDARD = gnu11;
				GCC_NO_COMMON_BLOCKS = YES;
				GCC_WARN_64_TO_32_BIT_CONVERSION = YES;
				GCC_WARN_ABOUT_RETURN_TYPE = YES_ERROR;
				GCC_WARN_UNDECLARED_SELECTOR = YES;
				GCC_WARN_UNINITIALIZED_AUTOS = YES_AGGRESSIVE;
				GCC_WARN_UNUSED_FUNCTION = YES;
				GCC_WARN_UNUSED_VARIABLE = YES;
				IPHONEOS_DEPLOYMENT_TARGET = 12.1;
				MTL_ENABLE_DEBUG_INFO = NO;
				MTL_FAST_MATH = YES;
				SDKROOT = iphoneos;
				SWIFT_COMPILATION_MODE = wholemodule;
				SWIFT_OPTIMIZATION_LEVEL = "-O";
				VALIDATE_PRODUCT = YES;
			};
			name = Release;
		};
		3891FE6D21A3084D00A736B3 /* Debug */ = {
			isa = XCBuildConfiguration;
			buildSettings = {
				ASSETCATALOG_COMPILER_APPICON_NAME = AppIcon;
				CODE_SIGN_STYLE = Automatic;
				DEVELOPMENT_TEAM = 3A874C69NA;
				INFOPLIST_FILE = targeting/Info.plist;
				IPHONEOS_DEPLOYMENT_TARGET = 12.1;
				LD_RUNPATH_SEARCH_PATHS = (
					"$(inherited)",
					"@executable_path/Frameworks",
				);
				PRODUCT_BUNDLE_IDENTIFIER = com.jim.targeting;
				PRODUCT_NAME = "$(TARGET_NAME)";
				SWIFT_VERSION = 4.2;
				TARGETED_DEVICE_FAMILY = "1,2";
			};
			name = Debug;
		};
		3891FE6E21A3084D00A736B3 /* Release */ = {
			isa = XCBuildConfiguration;
			buildSettings = {
				ASSETCATALOG_COMPILER_APPICON_NAME = AppIcon;
				CODE_SIGN_STYLE = Automatic;
				DEVELOPMENT_TEAM = 3A874C69NA;
				INFOPLIST_FILE = targeting/Info.plist;
				IPHONEOS_DEPLOYMENT_TARGET = 12.1;
				LD_RUNPATH_SEARCH_PATHS = (
					"$(inherited)",
					"@executable_path/Frameworks",
				);
				PRODUCT_BUNDLE_IDENTIFIER = com.jim.targeting;
				PRODUCT_NAME = "$(TARGET_NAME)";
				SWIFT_VERSION = 4.2;
				TARGETED_DEVICE_FAMILY = "1,2";
			};
			name = Release;
		};
		3891FE7021A3084D00A736B3 /* Debug */ = {
			isa = XCBuildConfiguration;
			buildSettings = {
				ALWAYS_EMBED_SWIFT_STANDARD_LIBRARIES = YES;
				BUNDLE_LOADER = "$(TEST_HOST)";
				CODE_SIGN_STYLE = Automatic;
				INFOPLIST_FILE = targetingTests/Info.plist;
				LD_RUNPATH_SEARCH_PATHS = (
					"$(inherited)",
					"@executable_path/Frameworks",
					"@loader_path/Frameworks",
				);
				PRODUCT_BUNDLE_IDENTIFIER = com.jim.targetingTests;
				PRODUCT_NAME = "$(TARGET_NAME)";
				SWIFT_VERSION = 4.2;
				TARGETED_DEVICE_FAMILY = "1,2";
				TEST_HOST = "$(BUILT_PRODUCTS_DIR)/targeting.app/targeting";
			};
			name = Debug;
		};
		3891FE7121A3084D00A736B3 /* Release */ = {
			isa = XCBuildConfiguration;
			buildSettings = {
				ALWAYS_EMBED_SWIFT_STANDARD_LIBRARIES = YES;
				BUNDLE_LOADER = "$(TEST_HOST)";
				CODE_SIGN_STYLE = Automatic;
				INFOPLIST_FILE = targetingTests/Info.plist;
				LD_RUNPATH_SEARCH_PATHS = (
					"$(inherited)",
					"@executable_path/Frameworks",
					"@loader_path/Frameworks",
				);
				PRODUCT_BUNDLE_IDENTIFIER = com.jim.targetingTests;
				PRODUCT_NAME = "$(TARGET_NAME)";
				SWIFT_VERSION = 4.2;
				TARGETED_DEVICE_FAMILY = "1,2";
				TEST_HOST = "$(BUILT_PRODUCTS_DIR)/targeting.app/targeting";
			};
			name = Release;
		};
		3891FE7321A3084D00A736B3 /* Debug */ = {
			isa = XCBuildConfiguration;
			buildSettings = {
				ALWAYS_EMBED_SWIFT_STANDARD_LIBRARIES = YES;
				CODE_SIGN_STYLE = Automatic;
				INFOPLIST_FILE = targetingUITests/Info.plist;
				LD_RUNPATH_SEARCH_PATHS = (
					"$(inherited)",
					"@executable_path/Frameworks",
					"@loader_path/Frameworks",
				);
				PRODUCT_BUNDLE_IDENTIFIER = com.jim.targetingUITests;
				PRODUCT_NAME = "$(TARGET_NAME)";
				SWIFT_VERSION = 4.2;
				TARGETED_DEVICE_FAMILY = "1,2";
				TEST_TARGET_NAME = targeting;
			};
			name = Debug;
		};
		3891FE7421A3084D00A736B3 /* Release */ = {
			isa = XCBuildConfiguration;
			buildSettings = {
				ALWAYS_EMBED_SWIFT_STANDARD_LIBRARIES = YES;
				CODE_SIGN_STYLE = Automatic;
				INFOPLIST_FILE = targetingUITests/Info.plist;
				LD_RUNPATH_SEARCH_PATHS = (
					"$(inherited)",
					"@executable_path/Frameworks",
					"@loader_path/Frameworks",
				);
				PRODUCT_BUNDLE_IDENTIFIER = com.jim.targetingUITests;
				PRODUCT_NAME = "$(TARGET_NAME)";
				SWIFT_VERSION = 4.2;
				TARGETED_DEVICE_FAMILY = "1,2";
				TEST_TARGET_NAME = targeting;
			};
			name = Release;
		};
/* End XCBuildConfiguration section */

/* Begin XCConfigurationList section */
		3891FE3C21A3084A00A736B3 /* Build configuration list for PBXProject "targeting" */ = {
			isa = XCConfigurationList;
			buildConfigurations = (
				3891FE6A21A3084D00A736B3 /* Debug */,
				3891FE6B21A3084D00A736B3 /* Release */,
			);
			defaultConfigurationIsVisible = 0;
			defaultConfigurationName = Release;
		};
		3891FE6C21A3084D00A736B3 /* Build configuration list for PBXNativeTarget "targeting" */ = {
			isa = XCConfigurationList;
			buildConfigurations = (
				3891FE6D21A3084D00A736B3 /* Debug */,
				3891FE6E21A3084D00A736B3 /* Release */,
			);
			defaultConfigurationIsVisible = 0;
			defaultConfigurationName = Release;
		};
		3891FE6F21A3084D00A736B3 /* Build configuration list for PBXNativeTarget "targetingTests" */ = {
			isa = XCConfigurationList;
			buildConfigurations = (
				3891FE7021A3084D00A736B3 /* Debug */,
				3891FE7121A3084D00A736B3 /* Release */,
			);
			defaultConfigurationIsVisible = 0;
			defaultConfigurationName = Release;
		};
		3891FE7221A3084D00A736B3 /* Build configuration list for PBXNativeTarget "targetingUITests" */ = {
			isa = XCConfigurationList;
			buildConfigurations = (
				3891FE7321A3084D00A736B3 /* Debug */,
				3891FE7421A3084D00A736B3 /* Release */,
			);
			defaultConfigurationIsVisible = 0;
			defaultConfigurationName = Release;
		};
/* End XCConfigurationList section */

/* Begin XCVersionGroup section */
		3891FE4B21A3084B00A736B3 /* targeting.xcdatamodeld */ = {
			isa = XCVersionGroup;
			children = (
				3891FE4C21A3084B00A736B3 /* targeting.xcdatamodel */,
			);
			currentVersion = 3891FE4C21A3084B00A736B3 /* targeting.xcdatamodel */;
			path = targeting.xcdatamodeld;
			sourceTree = "<group>";
			versionGroupType = wrapper.xcdatamodel;
		};
/* End XCVersionGroup section */
	};
	rootObject = 3891FE3921A3084A00A736B3 /* Project object */;
}
